
Microsoft Visual Studio Solution File, Format Version 12.00
# Visual Studio Version 16
VisualStudioVersion = 16.0.29411.108
MinimumVisualStudioVersion = 10.0.40219.1
Project("{FAE04EC0-301F-11D3-BF4B-00C04F79EFBC}") = "BFN2 - Piotruś w Krainie Liczb Pierwszych", "BFN2 - Piotruś w Krainie Liczb Pierwszych.csproj", "{23AA87CB-1EB6-45E0-8527-42C9937551B9}"
EndProject
Global
	GlobalSection(SolutionConfigurationPlatforms) = preSolution
		Debug|Any CPU = Debug|Any CPU
		Release|Any CPU = Release|Any CPU
	EndGlobalSection
	GlobalSection(ProjectConfigurationPlatforms) = postSolution
		{23AA87CB-1EB6-45E0-8527-42C9937551B9}.Debug|Any CPU.ActiveCfg = Debug|Any CPU
		{23AA87CB-1EB6-45E0-8527-42C9937551B9}.Debug|Any CPU.Build.0 = Debug|Any CPU
		{23AA87CB-1EB6-45E0-8527-42C9937551B9}.Release|Any CPU.ActiveCfg = Release|Any CPU
		{23AA87CB-1EB6-45E0-8527-42C9937551B9}.Release|Any CPU.Build.0 = Release|Any CPU
	EndGlobalSection
	GlobalSection(SolutionProperties) = preSolution
		HideSolutionNode = FALSE
	EndGlobalSection
	GlobalSection(ExtensibilityGlobals) = postSolution
		SolutionGuid = {132E5A38-8710-4346-B8B7-10AE6D94EA94}
	EndGlobalSection
EndGlobal
